<?xml version="1.0" encoding="utf-8"?>
<Project ToolsVersion="4.0" xmlns="http://schemas.microsoft.com/developer/msbuild/2003">
  <ItemGroup>
    <Filter Include="Header Files">
      <UniqueIdentifier>{643d8607-d024-40fe-8583-1823c96430f0}</UniqueIdentifier>
    </Filter>
    <Filter Include="Source Files">
      <UniqueIdentifier>{7b5335ad-059f-486f-85e4-f4757e26a9bf}</UniqueIdentifier>
    </Filter>
    <Filter Include="Resource Files">
      <UniqueIdentifier>{37d3ef0a-1ea6-492d-bba7-b83865198caa}</UniqueIdentifier>
    </Filter>
    <Filter Include="Header Files\expat">
      <UniqueIdentifier>{6099ed72-6668-4779-adb2-a2362e5da3b9}</UniqueIdentifier>
    </Filter>
    <Filter Include="Source Files\expat">
      <UniqueIdentifier>{f99990ba-cd06-40cc-8f28-d2d424ec13be}</UniqueIdentifier>
    </Filter>
  </ItemGroup>
  <ItemGroup>
    <ClInclude Include="..\Modules\expat\ascii.h">
      <Filter>Header Files\expat</Filter>
    </ClInclude>
    <ClInclude Include="..\Modules\expat\asciitab.h">
      <Filter>Header Files\expat</Filter>
    </ClInclude>
    <ClInclude Include="..\Modules\expat\expat.h">
      <Filter>Header Files\expat</Filter>
    </ClInclude>
    <ClInclude Include="..\Modules\expat\expat_config.h">
      <Filter>Header Files\expat</Filter>
    </ClInclude>
    <ClInclude Include="..\Modules\expat\expat_external.h">
      <Filter>Header Files\expat</Filter>
    </ClInclude>
    <ClInclude Include="..\Modules\expat\iasciitab.h">
      <Filter>Header Files\expat</Filter>
    </ClInclude>
    <ClInclude Include="..\Modules\expat\internal.h">
      <Filter>Header Files\expat</Filter>
    </ClInclude>
    <ClInclude Include="..\Modules\expat\latin1tab.h">
      <Filter>Header Files\expat</Filter>
    </ClInclude>
    <ClInclude Include="..\Modules\expat\nametab.h">
      <Filter>Header Files\expat</Filter>
    </ClInclude>
    <ClInclude Include="..\Modules\expat\pyexpatns.h">
      <Filter>Header Files\expat</Filter>
    </ClInclude>
    <ClInclude Include="..\Modules\expat\utf8tab.h">
      <Filter>Header Files\expat</Filter>
    </ClInclude>
    <ClInclude Include="..\Modules\expat\winconfig.h">
      <Filter>Header Files\expat</Filter>
    </ClInclude>
    <ClInclude Include="..\Modules\expat\xmlrole.h">
      <Filter>Header Files\expat</Filter>
    </ClInclude>
    <ClInclude Include="..\Modules\expat\xmltok.h">
      <Filter>Header Files\expat</Filter>
    </ClInclude>
  </ItemGroup>
  <ItemGroup>
    <ClCompile Include="..\Modules\_elementtree.c">
      <Filter>Source Files</Filter>
    </ClCompile>
    <ClCompile Include="..\Modules\expat\xmlparse.c">
      <Filter>Source Files\expat</Filter>
    </ClCompile>
    <ClCompile Include="..\Modules\expat\xmlrole.c">
      <Filter>Source Files\expat</Filter>
    </ClCompile>
    <ClCompile Include="..\Modules\expat\xmltok.c">
      <Filter>Source Files\expat</Filter>
    </ClCompile>
  </ItemGroup>
  <ItemGroup>
    <ResourceCompile Include="..\PC\python_nt.rc">
      <Filter>Resource Files</Filter>
    </ResourceCompile>
  </ItemGroup>
</Project>