<?xml version="1.0" encoding="utf-8"?>
<Project ToolsVersion="4.0" xmlns="http://schemas.microsoft.com/developer/msbuild/2003">
  <ItemGroup>
    <Filter Include="Source Files">
      <UniqueIdentifier>{e4180954-c3a5-4749-b9a4-31b804ee4fa8}</UniqueIdentifier>
    </Filter>
  </ItemGroup>
  <ItemGroup>
    <ClCompile Include="..\PC\make_versioninfo.c">
      <Filter>Source Files</Filter>
    </ClCompile>
  </ItemGroup>
</Project>