Microsoft Visual Studio Solution File, Format Version 9.00
# Visual Studio 2005
Project("{8BC9CEB8-8B4A-11D0-8D11-00A0C91BC942}") = "pythoncore", "pythoncore\pythoncore.vcproj", "{987306EC-6BAD-4440-B4FB-A699A1EE6A28}"
	ProjectSection(ProjectDependencies) = postProject
		{87AB87DB-B665-4621-A67B-878C15B93FF0} = {87AB87DB-B665-4621-A67B-878C15B93FF0}
		{2AB2AC43-1B73-40B1-8964-95B3FC3F15ED} = {2AB2AC43-1B73-40B1-8964-95B3FC3F15ED}
	EndProjectSection
EndProject
Project("{8BC9CEB8-8B4A-11D0-8D11-00A0C91BC942}") = "make_versioninfo", "make_versioninfo\make_versioninfo.vcproj", "{2AB2AC43-1B73-40B1-8964-95B3FC3F15ED}"
EndProject
Project("{8BC9CEB8-8B4A-11D0-8D11-00A0C91BC942}") = "make_buildinfo", "make_buildinfo\make_buildinfo.vcproj", "{87AB87DB-B665-4621-A67B-878C15B93FF0}"
EndProject
Project("{8BC9CEB8-8B4A-11D0-8D11-00A0C91BC942}") = "_ctypes", "_ctypes\_ctypes.vcproj", "{8D80F68B-F6EC-4E69-9B04-73F632A8A8ED}"
	ProjectSection(ProjectDependencies) = postProject
		{987306EC-6BAD-4440-B4FB-A699A1EE6A28} = {987306EC-6BAD-4440-B4FB-A699A1EE6A28}
	EndProjectSection
EndProject
Project("{8BC9CEB8-8B4A-11D0-8D11-00A0C91BC942}") = "_ctypes_test", "_ctypes_test\_ctypes_test.vcproj", "{F548A318-960A-4B37-9CD6-86B1B0E33CC8}"
	ProjectSection(ProjectDependencies) = postProject
		{987306EC-6BAD-4440-B4FB-A699A1EE6A28} = {987306EC-6BAD-4440-B4FB-A699A1EE6A28}
	EndProjectSection
EndProject
Project("{8BC9CEB8-8B4A-11D0-8D11-00A0C91BC942}") = "_elementtree", "_elementtree\_elementtree.vcproj", "{CB025148-F0A1-4B32-A669-19EE0534136D}"
	ProjectSection(ProjectDependencies) = postProject
		{987306EC-6BAD-4440-B4FB-A699A1EE6A28} = {987306EC-6BAD-4440-B4FB-A699A1EE6A28}
	EndProjectSection
EndProject
Project("{8BC9CEB8-8B4A-11D0-8D11-00A0C91BC942}") = "_msi", "_msi\_msi.vcproj", "{A25ADCC5-8DE1-4F88-B842-C287923280B1}"
	ProjectSection(ProjectDependencies) = postProject
		{987306EC-6BAD-4440-B4FB-A699A1EE6A28} = {987306EC-6BAD-4440-B4FB-A699A1EE6A28}
	EndProjectSection
EndProject
Project("{8BC9CEB8-8B4A-11D0-8D11-00A0C91BC942}") = "_sqlite3", "_sqlite3\_sqlite3.vcproj", "{D50E5319-41CC-429A-8E81-B1CD391C3A7B}"
	ProjectSection(ProjectDependencies) = postProject
		{987306EC-6BAD-4440-B4FB-A699A1EE6A28} = {987306EC-6BAD-4440-B4FB-A699A1EE6A28}
	EndProjectSection
EndProject
Project("{8BC9CEB8-8B4A-11D0-8D11-00A0C91BC942}") = "_ssl", "_ssl\_ssl.vcproj", "{ECF06871-0C44-4137-93EE-E75A2F10DBE7}"
	ProjectSection(ProjectDependencies) = postProject
		{987306EC-6BAD-4440-B4FB-A699A1EE6A28} = {987306EC-6BAD-4440-B4FB-A699A1EE6A28}
	EndProjectSection
EndProject
Project("{8BC9CEB8-8B4A-11D0-8D11-00A0C91BC942}") = "python", "python\python.vcproj", "{AE617428-B823-4B87-BC6D-DC7C12C746D3}"
	ProjectSection(ProjectDependencies) = postProject
		{987306EC-6BAD-4440-B4FB-A699A1EE6A28} = {987306EC-6BAD-4440-B4FB-A699A1EE6A28}
	EndProjectSection
EndProject
Project("{8BC9CEB8-8B4A-11D0-8D11-00A0C91BC942}") = "pythonw", "pythonw\pythonw.vcproj", "{98C3DB47-DD1F-4A4B-9D3C-1DBB32AC6667}"
	ProjectSection(ProjectDependencies) = postProject
		{987306EC-6BAD-4440-B4FB-A699A1EE6A28} = {987306EC-6BAD-4440-B4FB-A699A1EE6A28}
	EndProjectSection
EndProject
Project("{8BC9CEB8-8B4A-11D0-8D11-00A0C91BC942}") = "select", "select\select.vcproj", "{0BAFC4A4-8DB5-4CC6-9DDB-A1D32C682B2F}"
	ProjectSection(ProjectDependencies) = postProject
		{987306EC-6BAD-4440-B4FB-A699A1EE6A28} = {987306EC-6BAD-4440-B4FB-A699A1EE6A28}
	EndProjectSection
EndProject
Project("{8BC9CEB8-8B4A-11D0-8D11-00A0C91BC942}") = "unicodedata", "unicodedata\unicodedata.vcproj", "{D04B2089-7DA9-4D92-B23F-07453BC46652}"
	ProjectSection(ProjectDependencies) = postProject
		{987306EC-6BAD-4440-B4FB-A699A1EE6A28} = {987306EC-6BAD-4440-B4FB-A699A1EE6A28}
	EndProjectSection
EndProject
Project("{8BC9CEB8-8B4A-11D0-8D11-00A0C91BC942}") = "winsound", "winsound\winsound.vcproj", "{1015E3B4-FD3B-4402-AA6E-7806514156D6}"
	ProjectSection(ProjectDependencies) = postProject
		{987306EC-6BAD-4440-B4FB-A699A1EE6A28} = {987306EC-6BAD-4440-B4FB-A699A1EE6A28}
	EndProjectSection
EndProject
Project("{8BC9CEB8-8B4A-11D0-8D11-00A0C91BC942}") = "_socket", "_socket\_socket.vcproj", "{AE31A248-5367-4EB2-A511-8722BC351CB4}"
	ProjectSection(ProjectDependencies) = postProject
		{987306EC-6BAD-4440-B4FB-A699A1EE6A28} = {987306EC-6BAD-4440-B4FB-A699A1EE6A28}
	EndProjectSection
EndProject
Project("{8BC9CEB8-8B4A-11D0-8D11-00A0C91BC942}") = "_bsddb", "_bsddb\_bsddb.vcproj", "{E644B843-F7CA-4888-AA6D-653C77592856}"
	ProjectSection(ProjectDependencies) = postProject
		{987306EC-6BAD-4440-B4FB-A699A1EE6A28} = {987306EC-6BAD-4440-B4FB-A699A1EE6A28}
	EndProjectSection
EndProject
Project("{8BC9CEB8-8B4A-11D0-8D11-00A0C91BC942}") = "_testcapi", "_testcapi\_testcapi.vcproj", "{1E8DCFC4-1EF8-4076-8CA2-B08D3C979749}"
	ProjectSection(ProjectDependencies) = postProject
		{987306EC-6BAD-4440-B4FB-A699A1EE6A28} = {987306EC-6BAD-4440-B4FB-A699A1EE6A28}
	EndProjectSection
EndProject
Project("{8BC9CEB8-8B4A-11D0-8D11-00A0C91BC942}") = "_tkinter", "_tkinter\_tkinter.vcproj", "{3A1515AF-3694-4222-91F2-9837BDF60F9A}"
	ProjectSection(ProjectDependencies) = postProject
		{987306EC-6BAD-4440-B4FB-A699A1EE6A28} = {987306EC-6BAD-4440-B4FB-A699A1EE6A28}
	EndProjectSection
EndProject
Project("{8BC9CEB8-8B4A-11D0-8D11-00A0C91BC942}") = "bz2", "bz2\bz2.vcproj", "{18C518FB-33CB-4C16-AA05-8DEA8DE66DF0}"
	ProjectSection(ProjectDependencies) = postProject
		{987306EC-6BAD-4440-B4FB-A699A1EE6A28} = {987306EC-6BAD-4440-B4FB-A699A1EE6A28}
	EndProjectSection
EndProject
Project("{8BC9CEB8-8B4A-11D0-8D11-00A0C91BC942}") = "pyexpat", "pyexpat\pyexpat.vcproj", "{80EBF51A-6018-4589-9A53-5AAF2872E230}"
	ProjectSection(ProjectDependencies) = postProject
		{987306EC-6BAD-4440-B4FB-A699A1EE6A28} = {987306EC-6BAD-4440-B4FB-A699A1EE6A28}
	EndProjectSection
EndProject
Project("{2150E333-8FDC-42A3-9474-1A3956D46DE8}") = "Solution Items", "Solution Items", "{310B6D98-CFE1-4215-97C1-E52989488A50}"
	ProjectSection(SolutionItems) = preProject
		readme.txt = readme.txt
	EndProjectSection
EndProject
Global
	GlobalSection(SolutionConfigurationPlatforms) = preSolution
		Debug|Win32 = Debug|Win32
		Debug|x64 = Debug|x64
		PGInstrument|Win32 = PGInstrument|Win32
		PGInstrument|x64 = PGInstrument|x64
		PGUpdate|Win32 = PGUpdate|Win32
		PGUpdate|x64 = PGUpdate|x64
		Release|Win32 = Release|Win32
		Release|x64 = Release|x64
	EndGlobalSection
	GlobalSection(ProjectConfigurationPlatforms) = postSolution
		{987306EC-6BAD-4440-B4FB-A699A1EE6A28}.Debug|Win32.ActiveCfg = Debug|Win32
		{987306EC-6BAD-4440-B4FB-A699A1EE6A28}.Debug|Win32.Build.0 = Debug|Win32
		{987306EC-6BAD-4440-B4FB-A699A1EE6A28}.Debug|x64.ActiveCfg = Debug|x64
		{987306EC-6BAD-4440-B4FB-A699A1EE6A28}.Debug|x64.Build.0 = Debug|x64
		{987306EC-6BAD-4440-B4FB-A699A1EE6A28}.PGInstrument|Win32.ActiveCfg = PGInstrument|Win32
		{987306EC-6BAD-4440-B4FB-A699A1EE6A28}.PGInstrument|Win32.Build.0 = PGInstrument|Win32
		{987306EC-6BAD-4440-B4FB-A699A1EE6A28}.PGInstrument|x64.ActiveCfg = PGInstrument|x64
		{987306EC-6BAD-4440-B4FB-A699A1EE6A28}.PGInstrument|x64.Build.0 = PGInstrument|x64
		{987306EC-6BAD-4440-B4FB-A699A1EE6A28}.PGUpdate|Win32.ActiveCfg = PGUpdate|Win32
		{987306EC-6BAD-4440-B4FB-A699A1EE6A28}.PGUpdate|Win32.Build.0 = PGUpdate|Win32
		{987306EC-6BAD-4440-B4FB-A699A1EE6A28}.PGUpdate|x64.ActiveCfg = PGUpdate|x64
		{987306EC-6BAD-4440-B4FB-A699A1EE6A28}.PGUpdate|x64.Build.0 = PGUpdate|x64
		{987306EC-6BAD-4440-B4FB-A699A1EE6A28}.Release|Win32.ActiveCfg = Release|Win32
		{987306EC-6BAD-4440-B4FB-A699A1EE6A28}.Release|Win32.Build.0 = Release|Win32
		{987306EC-6BAD-4440-B4FB-A699A1EE6A28}.Release|x64.ActiveCfg = Release|x64
		{987306EC-6BAD-4440-B4FB-A699A1EE6A28}.Release|x64.Build.0 = Release|x64
		{2AB2AC43-1B73-40B1-8964-95B3FC3F15ED}.Debug|Win32.ActiveCfg = Debug|Win32
		{2AB2AC43-1B73-40B1-8964-95B3FC3F15ED}.Debug|Win32.Build.0 = Debug|Win32
		{2AB2AC43-1B73-40B1-8964-95B3FC3F15ED}.Debug|x64.ActiveCfg = Debug|Win32
		{2AB2AC43-1B73-40B1-8964-95B3FC3F15ED}.Debug|x64.Build.0 = Debug|Win32
		{2AB2AC43-1B73-40B1-8964-95B3FC3F15ED}.PGInstrument|Win32.ActiveCfg = Debug|Win32
		{2AB2AC43-1B73-40B1-8964-95B3FC3F15ED}.PGInstrument|Win32.Build.0 = Debug|Win32
		{2AB2AC43-1B73-40B1-8964-95B3FC3F15ED}.PGInstrument|x64.ActiveCfg = Debug|Win32
		{2AB2AC43-1B73-40B1-8964-95B3FC3F15ED}.PGUpdate|Win32.ActiveCfg = Debug|Win32
		{2AB2AC43-1B73-40B1-8964-95B3FC3F15ED}.PGUpdate|Win32.Build.0 = Debug|Win32
		{2AB2AC43-1B73-40B1-8964-95B3FC3F15ED}.PGUpdate|x64.ActiveCfg = Debug|Win32
		{2AB2AC43-1B73-40B1-8964-95B3FC3F15ED}.Release|Win32.ActiveCfg = Debug|Win32
		{2AB2AC43-1B73-40B1-8964-95B3FC3F15ED}.Release|Win32.Build.0 = Debug|Win32
		{2AB2AC43-1B73-40B1-8964-95B3FC3F15ED}.Release|x64.ActiveCfg = Debug|Win32
		{87AB87DB-B665-4621-A67B-878C15B93FF0}.Debug|Win32.ActiveCfg = Debug|Win32
		{87AB87DB-B665-4621-A67B-878C15B93FF0}.Debug|Win32.Build.0 = Debug|Win32
		{87AB87DB-B665-4621-A67B-878C15B93FF0}.Debug|x64.ActiveCfg = Debug|Win32
		{87AB87DB-B665-4621-A67B-878C15B93FF0}.Debug|x64.Build.0 = Debug|Win32
		{87AB87DB-B665-4621-A67B-878C15B93FF0}.PGInstrument|Win32.ActiveCfg = Debug|Win32
		{87AB87DB-B665-4621-A67B-878C15B93FF0}.PGInstrument|Win32.Build.0 = Debug|Win32
		{87AB87DB-B665-4621-A67B-878C15B93FF0}.PGInstrument|x64.ActiveCfg = Debug|Win32
		{87AB87DB-B665-4621-A67B-878C15B93FF0}.PGUpdate|Win32.ActiveCfg = Debug|Win32
		{87AB87DB-B665-4621-A67B-878C15B93FF0}.PGUpdate|Win32.Build.0 = Debug|Win32
		{87AB87DB-B665-4621-A67B-878C15B93FF0}.PGUpdate|x64.ActiveCfg = Debug|Win32
		{87AB87DB-B665-4621-A67B-878C15B93FF0}.Release|Win32.ActiveCfg = Debug|Win32
		{87AB87DB-B665-4621-A67B-878C15B93FF0}.Release|Win32.Build.0 = Debug|Win32
		{87AB87DB-B665-4621-A67B-878C15B93FF0}.Release|x64.ActiveCfg = Debug|Win32
		{8D80F68B-F6EC-4E69-9B04-73F632A8A8ED}.Debug|Win32.ActiveCfg = Debug|Win32
		{8D80F68B-F6EC-4E69-9B04-73F632A8A8ED}.Debug|Win32.Build.0 = Debug|Win32
		{8D80F68B-F6EC-4E69-9B04-73F632A8A8ED}.Debug|x64.ActiveCfg = Debug|x64
		{8D80F68B-F6EC-4E69-9B04-73F632A8A8ED}.Debug|x64.Build.0 = Debug|x64
		{8D80F68B-F6EC-4E69-9B04-73F632A8A8ED}.PGInstrument|Win32.ActiveCfg = PGInstrument|Win32
		{8D80F68B-F6EC-4E69-9B04-73F632A8A8ED}.PGInstrument|Win32.Build.0 = PGInstrument|Win32
		{8D80F68B-F6EC-4E69-9B04-73F632A8A8ED}.PGInstrument|x64.ActiveCfg = PGInstrument|x64
		{8D80F68B-F6EC-4E69-9B04-73F632A8A8ED}.PGInstrument|x64.Build.0 = PGInstrument|x64
		{8D80F68B-F6EC-4E69-9B04-73F632A8A8ED}.PGUpdate|Win32.ActiveCfg = PGUpdate|Win32
		{8D80F68B-F6EC-4E69-9B04-73F632A8A8ED}.PGUpdate|Win32.Build.0 = PGUpdate|Win32
		{8D80F68B-F6EC-4E69-9B04-73F632A8A8ED}.PGUpdate|x64.ActiveCfg = PGUpdate|x64
		{8D80F68B-F6EC-4E69-9B04-73F632A8A8ED}.PGUpdate|x64.Build.0 = PGUpdate|x64
		{8D80F68B-F6EC-4E69-9B04-73F632A8A8ED}.Release|Win32.ActiveCfg = Release|Win32
		{8D80F68B-F6EC-4E69-9B04-73F632A8A8ED}.Release|Win32.Build.0 = Release|Win32
		{8D80F68B-F6EC-4E69-9B04-73F632A8A8ED}.Release|x64.ActiveCfg = Release|x64
		{8D80F68B-F6EC-4E69-9B04-73F632A8A8ED}.Release|x64.Build.0 = Release|x64
		{F548A318-960A-4B37-9CD6-86B1B0E33CC8}.Debug|Win32.ActiveCfg = Debug|Win32
		{F548A318-960A-4B37-9CD6-86B1B0E33CC8}.Debug|Win32.Build.0 = Debug|Win32
		{F548A318-960A-4B37-9CD6-86B1B0E33CC8}.Debug|x64.ActiveCfg = Debug|x64
		{F548A318-960A-4B37-9CD6-86B1B0E33CC8}.Debug|x64.Build.0 = Debug|x64
		{F548A318-960A-4B37-9CD6-86B1B0E33CC8}.PGInstrument|Win32.ActiveCfg = PGInstrument|Win32
		{F548A318-960A-4B37-9CD6-86B1B0E33CC8}.PGInstrument|Win32.Build.0 = PGInstrument|Win32
		{F548A318-960A-4B37-9CD6-86B1B0E33CC8}.PGInstrument|x64.ActiveCfg = PGInstrument|x64
		{F548A318-960A-4B37-9CD6-86B1B0E33CC8}.PGInstrument|x64.Build.0 = PGInstrument|x64
		{F548A318-960A-4B37-9CD6-86B1B0E33CC8}.PGUpdate|Win32.ActiveCfg = PGUpdate|Win32
		{F548A318-960A-4B37-9CD6-86B1B0E33CC8}.PGUpdate|Win32.Build.0 = PGUpdate|Win32
		{F548A318-960A-4B37-9CD6-86B1B0E33CC8}.PGUpdate|x64.ActiveCfg = PGUpdate|x64
		{F548A318-960A-4B37-9CD6-86B1B0E33CC8}.PGUpdate|x64.Build.0 = PGUpdate|x64
		{F548A318-960A-4B37-9CD6-86B1B0E33CC8}.Release|Win32.ActiveCfg = Release|Win32
		{F548A318-960A-4B37-9CD6-86B1B0E33CC8}.Release|Win32.Build.0 = Release|Win32
		{F548A318-960A-4B37-9CD6-86B1B0E33CC8}.Release|x64.ActiveCfg = Release|x64
		{F548A318-960A-4B37-9CD6-86B1B0E33CC8}.Release|x64.Build.0 = Release|x64
		{CB025148-F0A1-4B32-A669-19EE0534136D}.Debug|Win32.ActiveCfg = Debug|Win32
		{CB025148-F0A1-4B32-A669-19EE0534136D}.Debug|Win32.Build.0 = Debug|Win32
		{CB025148-F0A1-4B32-A669-19EE0534136D}.Debug|x64.ActiveCfg = Debug|x64
		{CB025148-F0A1-4B32-A669-19EE0534136D}.Debug|x64.Build.0 = Debug|x64
		{CB025148-F0A1-4B32-A669-19EE0534136D}.PGInstrument|Win32.ActiveCfg = PGInstrument|Win32
		{CB025148-F0A1-4B32-A669-19EE0534136D}.PGInstrument|Win32.Build.0 = PGInstrument|Win32
		{CB025148-F0A1-4B32-A669-19EE0534136D}.PGInstrument|x64.ActiveCfg = PGInstrument|x64
		{CB025148-F0A1-4B32-A669-19EE0534136D}.PGInstrument|x64.Build.0 = PGInstrument|x64
		{CB025148-F0A1-4B32-A669-19EE0534136D}.PGUpdate|Win32.ActiveCfg = PGUpdate|Win32
		{CB025148-F0A1-4B32-A669-19EE0534136D}.PGUpdate|Win32.Build.0 = PGUpdate|Win32
		{CB025148-F0A1-4B32-A669-19EE0534136D}.PGUpdate|x64.ActiveCfg = PGUpdate|x64
		{CB025148-F0A1-4B32-A669-19EE0534136D}.PGUpdate|x64.Build.0 = PGUpdate|x64
		{CB025148-F0A1-4B32-A669-19EE0534136D}.Release|Win32.ActiveCfg = Release|Win32
		{CB025148-F0A1-4B32-A669-19EE0534136D}.Release|Win32.Build.0 = Release|Win32
		{CB025148-F0A1-4B32-A669-19EE0534136D}.Release|x64.ActiveCfg = Release|x64
		{CB025148-F0A1-4B32-A669-19EE0534136D}.Release|x64.Build.0 = Release|x64
		{A25ADCC5-8DE1-4F88-B842-C287923280B1}.Debug|Win32.ActiveCfg = Debug|Win32
		{A25ADCC5-8DE1-4F88-B842-C287923280B1}.Debug|Win32.Build.0 = Debug|Win32
		{A25ADCC5-8DE1-4F88-B842-C287923280B1}.Debug|x64.ActiveCfg = Debug|x64
		{A25ADCC5-8DE1-4F88-B842-C287923280B1}.Debug|x64.Build.0 = Debug|x64
		{A25ADCC5-8DE1-4F88-B842-C287923280B1}.PGInstrument|Win32.ActiveCfg = PGInstrument|Win32
		{A25ADCC5-8DE1-4F88-B842-C287923280B1}.PGInstrument|Win32.Build.0 = PGInstrument|Win32
		{A25ADCC5-8DE1-4F88-B842-C287923280B1}.PGInstrument|x64.ActiveCfg = PGInstrument|x64
		{A25ADCC5-8DE1-4F88-B842-C287923280B1}.PGInstrument|x64.Build.0 = PGInstrument|x64
		{A25ADCC5-8DE1-4F88-B842-C287923280B1}.PGUpdate|Win32.ActiveCfg = PGUpdate|Win32
		{A25ADCC5-8DE1-4F88-B842-C287923280B1}.PGUpdate|Win32.Build.0 = PGUpdate|Win32
		{A25ADCC5-8DE1-4F88-B842-C287923280B1}.PGUpdate|x64.ActiveCfg = PGUpdate|x64
		{A25ADCC5-8DE1-4F88-B842-C287923280B1}.PGUpdate|x64.Build.0 = PGUpdate|x64
		{A25ADCC5-8DE1-4F88-B842-C287923280B1}.Release|Win32.ActiveCfg = Release|Win32
		{A25ADCC5-8DE1-4F88-B842-C287923280B1}.Release|Win32.Build.0 = Release|Win32
		{A25ADCC5-8DE1-4F88-B842-C287923280B1}.Release|x64.ActiveCfg = Release|x64
		{A25ADCC5-8DE1-4F88-B842-C287923280B1}.Release|x64.Build.0 = Release|x64
		{D50E5319-41CC-429A-8E81-B1CD391C3A7B}.Debug|Win32.ActiveCfg = Debug|Win32
		{D50E5319-41CC-429A-8E81-B1CD391C3A7B}.Debug|Win32.Build.0 = Debug|Win32
		{D50E5319-41CC-429A-8E81-B1CD391C3A7B}.Debug|x64.ActiveCfg = Debug|x64
		{D50E5319-41CC-429A-8E81-B1CD391C3A7B}.Debug|x64.Build.0 = Debug|x64
		{D50E5319-41CC-429A-8E81-B1CD391C3A7B}.PGInstrument|Win32.ActiveCfg = PGInstrument|Win32
		{D50E5319-41CC-429A-8E81-B1CD391C3A7B}.PGInstrument|Win32.Build.0 = PGInstrument|Win32
		{D50E5319-41CC-429A-8E81-B1CD391C3A7B}.PGInstrument|x64.ActiveCfg = PGInstrument|x64
		{D50E5319-41CC-429A-8E81-B1CD391C3A7B}.PGInstrument|x64.Build.0 = PGInstrument|x64
		{D50E5319-41CC-429A-8E81-B1CD391C3A7B}.PGUpdate|Win32.ActiveCfg = PGUpdate|Win32
		{D50E5319-41CC-429A-8E81-B1CD391C3A7B}.PGUpdate|Win32.Build.0 = PGUpdate|Win32
		{D50E5319-41CC-429A-8E81-B1CD391C3A7B}.PGUpdate|x64.ActiveCfg = PGUpdate|x64
		{D50E5319-41CC-429A-8E81-B1CD391C3A7B}.PGUpdate|x64.Build.0 = PGUpdate|x64
		{D50E5319-41CC-429A-8E81-B1CD391C3A7B}.Release|Win32.ActiveCfg = Release|Win32
		{D50E5319-41CC-429A-8E81-B1CD391C3A7B}.Release|Win32.Build.0 = Release|Win32
		{D50E5319-41CC-429A-8E81-B1CD391C3A7B}.Release|x64.ActiveCfg = Release|x64
		{D50E5319-41CC-429A-8E81-B1CD391C3A7B}.Release|x64.Build.0 = Release|x64
		{ECF06871-0C44-4137-93EE-E75A2F10DBE7}.Debug|Win32.ActiveCfg = Debug|Win32
		{ECF06871-0C44-4137-93EE-E75A2F10DBE7}.Debug|Win32.Build.0 = Debug|Win32
		{ECF06871-0C44-4137-93EE-E75A2F10DBE7}.Debug|x64.ActiveCfg = Debug|x64
		{ECF06871-0C44-4137-93EE-E75A2F10DBE7}.Debug|x64.Build.0 = Debug|x64
		{ECF06871-0C44-4137-93EE-E75A2F10DBE7}.PGInstrument|Win32.ActiveCfg = PGInstrument|Win32
		{ECF06871-0C44-4137-93EE-E75A2F10DBE7}.PGInstrument|Win32.Build.0 = PGInstrument|Win32
		{ECF06871-0C44-4137-93EE-E75A2F10DBE7}.PGInstrument|x64.ActiveCfg = PGInstrument|x64
		{ECF06871-0C44-4137-93EE-E75A2F10DBE7}.PGInstrument|x64.Build.0 = PGInstrument|x64
		{ECF06871-0C44-4137-93EE-E75A2F10DBE7}.PGUpdate|Win32.ActiveCfg = PGUpdate|Win32
		{ECF06871-0C44-4137-93EE-E75A2F10DBE7}.PGUpdate|Win32.Build.0 = PGUpdate|Win32
		{ECF06871-0C44-4137-93EE-E75A2F10DBE7}.PGUpdate|x64.ActiveCfg = PGUpdate|x64
		{ECF06871-0C44-4137-93EE-E75A2F10DBE7}.PGUpdate|x64.Build.0 = PGUpdate|x64
		{ECF06871-0C44-4137-93EE-E75A2F10DBE7}.Release|Win32.ActiveCfg = Release|Win32
		{ECF06871-0C44-4137-93EE-E75A2F10DBE7}.Release|Win32.Build.0 = Release|Win32
		{ECF06871-0C44-4137-93EE-E75A2F10DBE7}.Release|x64.ActiveCfg = Release|x64
		{ECF06871-0C44-4137-93EE-E75A2F10DBE7}.Release|x64.Build.0 = Release|x64
		{AE617428-B823-4B87-BC6D-DC7C12C746D3}.Debug|Win32.ActiveCfg = Debug|Win32
		{AE617428-B823-4B87-BC6D-DC7C12C746D3}.Debug|Win32.Build.0 = Debug|Win32
		{AE617428-B823-4B87-BC6D-DC7C12C746D3}.Debug|x64.ActiveCfg = Debug|x64
		{AE617428-B823-4B87-BC6D-DC7C12C746D3}.Debug|x64.Build.0 = Debug|x64
		{AE617428-B823-4B87-BC6D-DC7C12C746D3}.PGInstrument|Win32.ActiveCfg = PGInstrument|Win32
		{AE617428-B823-4B87-BC6D-DC7C12C746D3}.PGInstrument|Win32.Build.0 = PGInstrument|Win32
		{AE617428-B823-4B87-BC6D-DC7C12C746D3}.PGInstrument|x64.ActiveCfg = PGInstrument|x64
		{AE617428-B823-4B87-BC6D-DC7C12C746D3}.PGInstrument|x64.Build.0 = PGInstrument|x64
		{AE617428-B823-4B87-BC6D-DC7C12C746D3}.PGUpdate|Win32.ActiveCfg = PGUpdate|Win32
		{AE617428-B823-4B87-BC6D-DC7C12C746D3}.PGUpdate|Win32.Build.0 = PGUpdate|Win32
		{AE617428-B823-4B87-BC6D-DC7C12C746D3}.PGUpdate|x64.ActiveCfg = PGUpdate|x64
		{AE617428-B823-4B87-BC6D-DC7C12C746D3}.PGUpdate|x64.Build.0 = PGUpdate|x64
		{AE617428-B823-4B87-BC6D-DC7C12C746D3}.Release|Win32.ActiveCfg = Release|Win32
		{AE617428-B823-4B87-BC6D-DC7C12C746D3}.Release|Win32.Build.0 = Release|Win32
		{AE617428-B823-4B87-BC6D-DC7C12C746D3}.Release|x64.ActiveCfg = Release|x64
		{AE617428-B823-4B87-BC6D-DC7C12C746D3}.Release|x64.Build.0 = Release|x64
		{98C3DB47-DD1F-4A4B-9D3C-1DBB32AC6667}.Debug|Win32.ActiveCfg = Debug|Win32
		{98C3DB47-DD1F-4A4B-9D3C-1DBB32AC6667}.Debug|Win32.Build.0 = Debug|Win32
		{98C3DB47-DD1F-4A4B-9D3C-1DBB32AC6667}.Debug|x64.ActiveCfg = Debug|x64
		{98C3DB47-DD1F-4A4B-9D3C-1DBB32AC6667}.Debug|x64.Build.0 = Debug|x64
		{98C3DB47-DD1F-4A4B-9D3C-1DBB32AC6667}.PGInstrument|Win32.ActiveCfg = PGInstrument|Win32
		{98C3DB47-DD1F-4A4B-9D3C-1DBB32AC6667}.PGInstrument|Win32.Build.0 = PGInstrument|Win32
		{98C3DB47-DD1F-4A4B-9D3C-1DBB32AC6667}.PGInstrument|x64.ActiveCfg = PGInstrument|x64
		{98C3DB47-DD1F-4A4B-9D3C-1DBB32AC6667}.PGInstrument|x64.Build.0 = PGInstrument|x64
		{98C3DB47-DD1F-4A4B-9D3C-1DBB32AC6667}.PGUpdate|Win32.ActiveCfg = PGUpdate|Win32
		{98C3DB47-DD1F-4A4B-9D3C-1DBB32AC6667}.PGUpdate|Win32.Build.0 = PGUpdate|Win32
		{98C3DB47-DD1F-4A4B-9D3C-1DBB32AC6667}.PGUpdate|x64.ActiveCfg = PGUpdate|x64
		{98C3DB47-DD1F-4A4B-9D3C-1DBB32AC6667}.PGUpdate|x64.Build.0 = PGUpdate|x64
		{98C3DB47-DD1F-4A4B-9D3C-1DBB32AC6667}.Release|Win32.ActiveCfg = Release|Win32
		{98C3DB47-DD1F-4A4B-9D3C-1DBB32AC6667}.Release|Win32.Build.0 = Release|Win32
		{98C3DB47-DD1F-4A4B-9D3C-1DBB32AC6667}.Release|x64.ActiveCfg = Release|x64
		{98C3DB47-DD1F-4A4B-9D3C-1DBB32AC6667}.Release|x64.Build.0 = Release|x64
		{0BAFC4A4-8DB5-4CC6-9DDB-A1D32C682B2F}.Debug|Win32.ActiveCfg = Debug|Win32
		{0BAFC4A4-8DB5-4CC6-9DDB-A1D32C682B2F}.Debug|Win32.Build.0 = Debug|Win32
		{0BAFC4A4-8DB5-4CC6-9DDB-A1D32C682B2F}.Debug|x64.ActiveCfg = Debug|x64
		{0BAFC4A4-8DB5-4CC6-9DDB-A1D32C682B2F}.Debug|x64.Build.0 = Debug|x64
		{0BAFC4A4-8DB5-4CC6-9DDB-A1D32C682B2F}.PGInstrument|Win32.ActiveCfg = PGInstrument|Win32
		{0BAFC4A4-8DB5-4CC6-9DDB-A1D32C682B2F}.PGInstrument|Win32.Build.0 = PGInstrument|Win32
		{0BAFC4A4-8DB5-4CC6-9DDB-A1D32C682B2F}.PGInstrument|x64.ActiveCfg = PGInstrument|x64
		{0BAFC4A4-8DB5-4CC6-9DDB-A1D32C682B2F}.PGInstrument|x64.Build.0 = PGInstrument|x64
		{0BAFC4A4-8DB5-4CC6-9DDB-A1D32C682B2F}.PGUpdate|Win32.ActiveCfg = PGUpdate|Win32
		{0BAFC4A4-8DB5-4CC6-9DDB-A1D32C682B2F}.PGUpdate|Win32.Build.0 = PGUpdate|Win32
		{0BAFC4A4-8DB5-4CC6-9DDB-A1D32C682B2F}.PGUpdate|x64.ActiveCfg = PGUpdate|x64
		{0BAFC4A4-8DB5-4CC6-9DDB-A1D32C682B2F}.PGUpdate|x64.Build.0 = PGUpdate|x64
		{0BAFC4A4-8DB5-4CC6-9DDB-A1D32C682B2F}.Release|Win32.ActiveCfg = Release|Win32
		{0BAFC4A4-8DB5-4CC6-9DDB-A1D32C682B2F}.Release|Win32.Build.0 = Release|Win32
		{0BAFC4A4-8DB5-4CC6-9DDB-A1D32C682B2F}.Release|x64.ActiveCfg = Release|x64
		{0BAFC4A4-8DB5-4CC6-9DDB-A1D32C682B2F}.Release|x64.Build.0 = Release|x64
		{D04B2089-7DA9-4D92-B23F-07453BC46652}.Debug|Win32.ActiveCfg = Debug|Win32
		{D04B2089-7DA9-4D92-B23F-07453BC46652}.Debug|Win32.Build.0 = Debug|Win32
		{D04B2089-7DA9-4D92-B23F-07453BC46652}.Debug|x64.ActiveCfg = Debug|x64
		{D04B2089-7DA9-4D92-B23F-07453BC46652}.Debug|x64.Build.0 = Debug|x64
		{D04B2089-7DA9-4D92-B23F-07453BC46652}.PGInstrument|Win32.ActiveCfg = PGInstrument|Win32
		{D04B2089-7DA9-4D92-B23F-07453BC46652}.PGInstrument|Win32.Build.0 = PGInstrument|Win32
		{D04B2089-7DA9-4D92-B23F-07453BC46652}.PGInstrument|x64.ActiveCfg = PGInstrument|x64
		{D04B2089-7DA9-4D92-B23F-07453BC46652}.PGInstrument|x64.Build.0 = PGInstrument|x64
		{D04B2089-7DA9-4D92-B23F-07453BC46652}.PGUpdate|Win32.ActiveCfg = PGUpdate|Win32
		{D04B2089-7DA9-4D92-B23F-07453BC46652}.PGUpdate|Win32.Build.0 = PGUpdate|Win32
		{D04B2089-7DA9-4D92-B23F-07453BC46652}.PGUpdate|x64.ActiveCfg = PGUpdate|x64
		{D04B2089-7DA9-4D92-B23F-07453BC46652}.PGUpdate|x64.Build.0 = PGUpdate|x64
		{D04B2089-7DA9-4D92-B23F-07453BC46652}.Release|Win32.ActiveCfg = Release|Win32
		{D04B2089-7DA9-4D92-B23F-07453BC46652}.Release|Win32.Build.0 = Release|Win32
		{D04B2089-7DA9-4D92-B23F-07453BC46652}.Release|x64.ActiveCfg = Release|x64
		{D04B2089-7DA9-4D92-B23F-07453BC46652}.Release|x64.Build.0 = Release|x64
		{1015E3B4-FD3B-4402-AA6E-7806514156D6}.Debug|Win32.ActiveCfg = Debug|Win32
		{1015E3B4-FD3B-4402-AA6E-7806514156D6}.Debug|Win32.Build.0 = Debug|Win32
		{1015E3B4-FD3B-4402-AA6E-7806514156D6}.Debug|x64.ActiveCfg = Debug|x64
		{1015E3B4-FD3B-4402-AA6E-7806514156D6}.Debug|x64.Build.0 = Debug|x64
		{1015E3B4-FD3B-4402-AA6E-7806514156D6}.PGInstrument|Win32.ActiveCfg = PGInstrument|Win32
		{1015E3B4-FD3B-4402-AA6E-7806514156D6}.PGInstrument|Win32.Build.0 = PGInstrument|Win32
		{1015E3B4-FD3B-4402-AA6E-7806514156D6}.PGInstrument|x64.ActiveCfg = PGInstrument|x64
		{1015E3B4-FD3B-4402-AA6E-7806514156D6}.PGInstrument|x64.Build.0 = PGInstrument|x64
		{1015E3B4-FD3B-4402-AA6E-7806514156D6}.PGUpdate|Win32.ActiveCfg = PGUpdate|Win32
		{1015E3B4-FD3B-4402-AA6E-7806514156D6}.PGUpdate|Win32.Build.0 = PGUpdate|Win32
		{1015E3B4-FD3B-4402-AA6E-7806514156D6}.PGUpdate|x64.ActiveCfg = PGUpdate|x64
		{1015E3B4-FD3B-4402-AA6E-7806514156D6}.PGUpdate|x64.Build.0 = PGUpdate|x64
		{1015E3B4-FD3B-4402-AA6E-7806514156D6}.Release|Win32.ActiveCfg = Release|Win32
		{1015E3B4-FD3B-4402-AA6E-7806514156D6}.Release|Win32.Build.0 = Release|Win32
		{1015E3B4-FD3B-4402-AA6E-7806514156D6}.Release|x64.ActiveCfg = Release|x64
		{1015E3B4-FD3B-4402-AA6E-7806514156D6}.Release|x64.Build.0 = Release|x64
		{AE31A248-5367-4EB2-A511-8722BC351CB4}.Debug|Win32.ActiveCfg = Debug|Win32
		{AE31A248-5367-4EB2-A511-8722BC351CB4}.Debug|Win32.Build.0 = Debug|Win32
		{AE31A248-5367-4EB2-A511-8722BC351CB4}.Debug|x64.ActiveCfg = Debug|x64
		{AE31A248-5367-4EB2-A511-8722BC351CB4}.Debug|x64.Build.0 = Debug|x64
		{AE31A248-5367-4EB2-A511-8722BC351CB4}.PGInstrument|Win32.ActiveCfg = PGInstrument|Win32
		{AE31A248-5367-4EB2-A511-8722BC351CB4}.PGInstrument|Win32.Build.0 = PGInstrument|Win32
		{AE31A248-5367-4EB2-A511-8722BC351CB4}.PGInstrument|x64.ActiveCfg = PGInstrument|x64
		{AE31A248-5367-4EB2-A511-8722BC351CB4}.PGInstrument|x64.Build.0 = PGInstrument|x64
		{AE31A248-5367-4EB2-A511-8722BC351CB4}.PGUpdate|Win32.ActiveCfg = PGUpdate|Win32
		{AE31A248-5367-4EB2-A511-8722BC351CB4}.PGUpdate|Win32.Build.0 = PGUpdate|Win32
		{AE31A248-5367-4EB2-A511-8722BC351CB4}.PGUpdate|x64.ActiveCfg = PGUpdate|x64
		{AE31A248-5367-4EB2-A511-8722BC351CB4}.PGUpdate|x64.Build.0 = PGUpdate|x64
		{AE31A248-5367-4EB2-A511-8722BC351CB4}.Release|Win32.ActiveCfg = Release|Win32
		{AE31A248-5367-4EB2-A511-8722BC351CB4}.Release|Win32.Build.0 = Release|Win32
		{AE31A248-5367-4EB2-A511-8722BC351CB4}.Release|x64.ActiveCfg = Release|x64
		{AE31A248-5367-4EB2-A511-8722BC351CB4}.Release|x64.Build.0 = Release|x64
		{E644B843-F7CA-4888-AA6D-653C77592856}.Debug|Win32.ActiveCfg = Debug|Win32
		{E644B843-F7CA-4888-AA6D-653C77592856}.Debug|Win32.Build.0 = Debug|Win32
		{E644B843-F7CA-4888-AA6D-653C77592856}.Debug|x64.ActiveCfg = Debug|x64
		{E644B843-F7CA-4888-AA6D-653C77592856}.Debug|x64.Build.0 = Debug|x64
		{E644B843-F7CA-4888-AA6D-653C77592856}.PGInstrument|Win32.ActiveCfg = PGInstrument|Win32
		{E644B843-F7CA-4888-AA6D-653C77592856}.PGInstrument|Win32.Build.0 = PGInstrument|Win32
		{E644B843-F7CA-4888-AA6D-653C77592856}.PGInstrument|x64.ActiveCfg = PGInstrument|x64
		{E644B843-F7CA-4888-AA6D-653C77592856}.PGInstrument|x64.Build.0 = PGInstrument|x64
		{E644B843-F7CA-4888-AA6D-653C77592856}.PGUpdate|Win32.ActiveCfg = PGUpdate|Win32
		{E644B843-F7CA-4888-AA6D-653C77592856}.PGUpdate|Win32.Build.0 = PGUpdate|Win32
		{E644B843-F7CA-4888-AA6D-653C77592856}.PGUpdate|x64.ActiveCfg = PGUpdate|x64
		{E644B843-F7CA-4888-AA6D-653C77592856}.PGUpdate|x64.Build.0 = PGUpdate|x64
		{E644B843-F7CA-4888-AA6D-653C77592856}.Release|Win32.ActiveCfg = PGInstrument|Win32
		{E644B843-F7CA-4888-AA6D-653C77592856}.Release|Win32.Build.0 = PGInstrument|Win32
		{E644B843-F7CA-4888-AA6D-653C77592856}.Release|x64.ActiveCfg = Release|x64
		{E644B843-F7CA-4888-AA6D-653C77592856}.Release|x64.Build.0 = Release|x64
		{1E8DCFC4-1EF8-4076-8CA2-B08D3C979749}.Debug|Win32.ActiveCfg = Debug|Win32
		{1E8DCFC4-1EF8-4076-8CA2-B08D3C979749}.Debug|Win32.Build.0 = Debug|Win32
		{1E8DCFC4-1EF8-4076-8CA2-B08D3C979749}.Debug|x64.ActiveCfg = Debug|x64
		{1E8DCFC4-1EF8-4076-8CA2-B08D3C979749}.Debug|x64.Build.0 = Debug|x64
		{1E8DCFC4-1EF8-4076-8CA2-B08D3C979749}.PGInstrument|Win32.ActiveCfg = PGInstrument|Win32
		{1E8DCFC4-1EF8-4076-8CA2-B08D3C979749}.PGInstrument|Win32.Build.0 = PGInstrument|Win32
		{1E8DCFC4-1EF8-4076-8CA2-B08D3C979749}.PGInstrument|x64.ActiveCfg = PGInstrument|x64
		{1E8DCFC4-1EF8-4076-8CA2-B08D3C979749}.PGInstrument|x64.Build.0 = PGInstrument|x64
		{1E8DCFC4-1EF8-4076-8CA2-B08D3C979749}.PGUpdate|Win32.ActiveCfg = PGUpdate|Win32
		{1E8DCFC4-1EF8-4076-8CA2-B08D3C979749}.PGUpdate|Win32.Build.0 = PGUpdate|Win32
		{1E8DCFC4-1EF8-4076-8CA2-B08D3C979749}.PGUpdate|x64.ActiveCfg = PGUpdate|x64
		{1E8DCFC4-1EF8-4076-8CA2-B08D3C979749}.PGUpdate|x64.Build.0 = PGUpdate|x64
		{1E8DCFC4-1EF8-4076-8CA2-B08D3C979749}.Release|Win32.ActiveCfg = Release|Win32
		{1E8DCFC4-1EF8-4076-8CA2-B08D3C979749}.Release|Win32.Build.0 = Release|Win32
		{1E8DCFC4-1EF8-4076-8CA2-B08D3C979749}.Release|x64.ActiveCfg = Release|x64
		{1E8DCFC4-1EF8-4076-8CA2-B08D3C979749}.Release|x64.Build.0 = Release|x64
		{3A1515AF-3694-4222-91F2-9837BDF60F9A}.Debug|Win32.ActiveCfg = Debug|Win32
		{3A1515AF-3694-4222-91F2-9837BDF60F9A}.Debug|Win32.Build.0 = Debug|Win32
		{3A1515AF-3694-4222-91F2-9837BDF60F9A}.Debug|x64.ActiveCfg = Debug|x64
		{3A1515AF-3694-4222-91F2-9837BDF60F9A}.Debug|x64.Build.0 = Debug|x64
		{3A1515AF-3694-4222-91F2-9837BDF60F9A}.PGInstrument|Win32.ActiveCfg = PGInstrument|Win32
		{3A1515AF-3694-4222-91F2-9837BDF60F9A}.PGInstrument|Win32.Build.0 = PGInstrument|Win32
		{3A1515AF-3694-4222-91F2-9837BDF60F9A}.PGInstrument|x64.ActiveCfg = PGInstrument|x64
		{3A1515AF-3694-4222-91F2-9837BDF60F9A}.PGInstrument|x64.Build.0 = PGInstrument|x64
		{3A1515AF-3694-4222-91F2-9837BDF60F9A}.PGUpdate|Win32.ActiveCfg = PGUpdate|Win32
		{3A1515AF-3694-4222-91F2-9837BDF60F9A}.PGUpdate|Win32.Build.0 = PGUpdate|Win32
		{3A1515AF-3694-4222-91F2-9837BDF60F9A}.PGUpdate|x64.ActiveCfg = PGUpdate|x64
		{3A1515AF-3694-4222-91F2-9837BDF60F9A}.PGUpdate|x64.Build.0 = PGUpdate|x64
		{3A1515AF-3694-4222-91F2-9837BDF60F9A}.Release|Win32.ActiveCfg = Release|Win32
		{3A1515AF-3694-4222-91F2-9837BDF60F9A}.Release|Win32.Build.0 = Release|Win32
		{3A1515AF-3694-4222-91F2-9837BDF60F9A}.Release|x64.ActiveCfg = Release|x64
		{3A1515AF-3694-4222-91F2-9837BDF60F9A}.Release|x64.Build.0 = Release|x64
		{18C518FB-33CB-4C16-AA05-8DEA8DE66DF0}.Debug|Win32.ActiveCfg = Debug|Win32
		{18C518FB-33CB-4C16-AA05-8DEA8DE66DF0}.Debug|Win32.Build.0 = Debug|Win32
		{18C518FB-33CB-4C16-AA05-8DEA8DE66DF0}.Debug|x64.ActiveCfg = Debug|x64
		{18C518FB-33CB-4C16-AA05-8DEA8DE66DF0}.Debug|x64.Build.0 = Debug|x64
		{18C518FB-33CB-4C16-AA05-8DEA8DE66DF0}.PGInstrument|Win32.ActiveCfg = PGInstrument|Win32
		{18C518FB-33CB-4C16-AA05-8DEA8DE66DF0}.PGInstrument|Win32.Build.0 = PGInstrument|Win32
		{18C518FB-33CB-4C16-AA05-8DEA8DE66DF0}.PGInstrument|x64.ActiveCfg = PGInstrument|x64
		{18C518FB-33CB-4C16-AA05-8DEA8DE66DF0}.PGInstrument|x64.Build.0 = PGInstrument|x64
		{18C518FB-33CB-4C16-AA05-8DEA8DE66DF0}.PGUpdate|Win32.ActiveCfg = PGUpdate|Win32
		{18C518FB-33CB-4C16-AA05-8DEA8DE66DF0}.PGUpdate|Win32.Build.0 = PGUpdate|Win32
		{18C518FB-33CB-4C16-AA05-8DEA8DE66DF0}.PGUpdate|x64.ActiveCfg = PGUpdate|x64
		{18C518FB-33CB-4C16-AA05-8DEA8DE66DF0}.PGUpdate|x64.Build.0 = PGUpdate|x64
		{18C518FB-33CB-4C16-AA05-8DEA8DE66DF0}.Release|Win32.ActiveCfg = Release|Win32
		{18C518FB-33CB-4C16-AA05-8DEA8DE66DF0}.Release|Win32.Build.0 = Release|Win32
		{18C518FB-33CB-4C16-AA05-8DEA8DE66DF0}.Release|x64.ActiveCfg = Release|x64
		{18C518FB-33CB-4C16-AA05-8DEA8DE66DF0}.Release|x64.Build.0 = Release|x64
		{80EBF51A-6018-4589-9A53-5AAF2872E230}.Debug|Win32.ActiveCfg = Debug|Win32
		{80EBF51A-6018-4589-9A53-5AAF2872E230}.Debug|Win32.Build.0 = Debug|Win32
		{80EBF51A-6018-4589-9A53-5AAF2872E230}.Debug|x64.ActiveCfg = Debug|x64
		{80EBF51A-6018-4589-9A53-5AAF2872E230}.Debug|x64.Build.0 = Debug|x64
		{80EBF51A-6018-4589-9A53-5AAF2872E230}.PGInstrument|Win32.ActiveCfg = PGInstrument|Win32
		{80EBF51A-6018-4589-9A53-5AAF2872E230}.PGInstrument|Win32.Build.0 = PGInstrument|Win32
		{80EBF51A-6018-4589-9A53-5AAF2872E230}.PGInstrument|x64.ActiveCfg = PGInstrument|x64
		{80EBF51A-6018-4589-9A53-5AAF2872E230}.PGInstrument|x64.Build.0 = PGInstrument|x64
		{80EBF51A-6018-4589-9A53-5AAF2872E230}.PGUpdate|Win32.ActiveCfg = PGUpdate|Win32
		{80EBF51A-6018-4589-9A53-5AAF2872E230}.PGUpdate|Win32.Build.0 = PGUpdate|Win32
		{80EBF51A-6018-4589-9A53-5AAF2872E230}.PGUpdate|x64.ActiveCfg = PGUpdate|x64
		{80EBF51A-6018-4589-9A53-5AAF2872E230}.PGUpdate|x64.Build.0 = PGUpdate|x64
		{80EBF51A-6018-4589-9A53-5AAF2872E230}.Release|Win32.ActiveCfg = Release|Win32
		{80EBF51A-6018-4589-9A53-5AAF2872E230}.Release|Win32.Build.0 = Release|Win32
		{80EBF51A-6018-4589-9A53-5AAF2872E230}.Release|x64.ActiveCfg = Release|x64
		{80EBF51A-6018-4589-9A53-5AAF2872E230}.Release|x64.Build.0 = Release|x64
	EndGlobalSection
	GlobalSection(SolutionProperties) = preSolution
		HideSolutionNode = FALSE
	EndGlobalSection
EndGlobal
